{
  "name": "test-npm-basic",
  "version": "1.0.0",
  "lockfileVersion": 1,
  "requires": true,
  "dependencies": {
    "seanchen-npm-basic": {
      "version": "1.0.0",
      "resolved": "https://registry.npmjs.org/seanchen-npm-basic/-/seanchen-npm-basic-1.0.0.tgz",
      "integrity": "sha512-P+MEqwpep/TUf7uMW/EzpNH1hxECuzcU/CV0o3bzf8cxZkSehgP96JriRoW1dCOVCF7+9Y8zfIYrDezpVTlZJw=="
    }
  }
}
