{
  "name": "test-npm-basic",
  "version": "1.0.0",
  "lockfileVersion": 1,
  "requires": true,
  "dependencies": {
    "seanchen-npm-basic": {
      "version": "1.0.1",
      "resolved": "https://registry.npmjs.org/seanchen-npm-basic/-/seanchen-npm-basic-1.0.1.tgz",
      "integrity": "sha512-0Scrbd+k9OmfNrPNSSv7H9NNcdeIywN4CBE6+ii5rhd2KXUlHukULwAC5ZjaL45M5hDeJFgQ/Bh6yYomA4MB3A=="
    }
  }
}
