{
  "name": "test-npm-basic",
  "version": "1.0.0",
  "lockfileVersion": 1,
  "requires": true,
  "dependencies": {
    "seanchen-npm-basic": {
      "version": "1.0.4",
      "resolved": "https://registry.npmjs.org/seanchen-npm-basic/-/seanchen-npm-basic-1.0.4.tgz",
      "integrity": "sha512-t3ykT7RnnlFt7ZWHDYNkRjtrbzPiUQL3VIJo/YzcNXke1Qjt1hmWnioo+e3jmkKUO4L8wvaJdAZkImCyv/+5Hg=="
    }
  }
}
